
Microsoft Visual Studio Solution File, Format Version 12.00
# Visual Studio Version 16
VisualStudioVersion = 16.0.31112.23
MinimumVisualStudioVersion = 10.0.40219.1
Project("{FAE04EC0-301F-11D3-BF4B-00C04F79EFBC}") = "Assignment_10_Josiah_Sarles", "Assignment_10_Josiah_Sarles.csproj", "{5594C532-7173-4BE9-B5A3-6F4110CEE248}"
EndProject
Global
	GlobalSection(SolutionConfigurationPlatforms) = preSolution
		Debug|Any CPU = Debug|Any CPU
		Release|Any CPU = Release|Any CPU
	EndGlobalSection
	GlobalSection(ProjectConfigurationPlatforms) = postSolution
		{5594C532-7173-4BE9-B5A3-6F4110CEE248}.Debug|Any CPU.ActiveCfg = Debug|Any CPU
		{5594C532-7173-4BE9-B5A3-6F4110CEE248}.Debug|Any CPU.Build.0 = Debug|Any CPU
		{5594C532-7173-4BE9-B5A3-6F4110CEE248}.Release|Any CPU.ActiveCfg = Release|Any CPU
		{5594C532-7173-4BE9-B5A3-6F4110CEE248}.Release|Any CPU.Build.0 = Release|Any CPU
	EndGlobalSection
	GlobalSection(SolutionProperties) = preSolution
		HideSolutionNode = FALSE
	EndGlobalSection
	GlobalSection(ExtensibilityGlobals) = postSolution
		SolutionGuid = {5DD95ADB-1155-4050-BEAD-3A82F4BC7745}
	EndGlobalSection
EndGlobal
